Microsoft Visual Studio Solution File, Format Version 11.00
# Visual Studio 2008

Project("{C0062863-E3E9-9F67-607A-D1AE9A4299A7}") = "Ripple", "Assembly-CSharp.csproj", "{8ACCD23D-D826-0E4A-2A17-6F14F7F8B698}"
EndProject
Global
	GlobalSection(SolutionConfigurationPlatforms) = preSolution
		Debug|Any CPU = Debug|Any CPU
		Release|Any CPU = Release|Any CPU
	EndGlobalSection
	GlobalSection(ProjectConfigurationPlatforms) = postSolution
		{8ACCD23D-D826-0E4A-2A17-6F14F7F8B698}.Debug|Any CPU.ActiveCfg = Debug|Any CPU
		{8ACCD23D-D826-0E4A-2A17-6F14F7F8B698}.Debug|Any CPU.Build.0 = Debug|Any CPU
		{8ACCD23D-D826-0E4A-2A17-6F14F7F8B698}.Release|Any CPU.ActiveCfg = Release|Any CPU
		{8ACCD23D-D826-0E4A-2A17-6F14F7F8B698}.Release|Any CPU.Build.0 = Release|Any CPU
	EndGlobalSection
	GlobalSection(SolutionProperties) = preSolution
		HideSolutionNode = FALSE
	EndGlobalSection
	GlobalSection(MonoDevelopProperties) = preSolution
		StartupItem = Assembly-CSharp.csproj
	EndGlobalSection
EndGlobal
